
Microsoft Visual Studio Solution File, Format Version 12.00
# Visual Studio 15
VisualStudioVersion = 15.0.28307.902
MinimumVisualStudioVersion = 10.0.40219.1
Project("{FAE04EC0-301F-11D3-BF4B-00C04F79EFBC}") = "API-paises", "API-paises\API-paises.csproj", "{D06B5461-D450-40A9-B6A2-EB96C4E3E9E7}"
EndProject
Project("{FAE04EC0-301F-11D3-BF4B-00C04F79EFBC}") = "Core", "Core\Core.csproj", "{6860CD47-3E15-4563-895A-259E2ACCC70C}"
EndProject
Project("{2150E333-8FDC-42A3-9474-1A3956D46DE8}") = "APIs", "APIs", "{D3A32D29-AFFF-4B2E-8A1C-8387F8B9153E}"
EndProject
Project("{FAE04EC0-301F-11D3-BF4B-00C04F79EFBC}") = "Data", "Data\Data.csproj", "{B7DD142D-322D-43AB-825C-91544D926866}"
EndProject
Project("{FAE04EC0-301F-11D3-BF4B-00C04F79EFBC}") = "MVC", "MVC\MVC.csproj", "{A481BF9F-FCE8-401C-A8D1-243A9A7FDDE9}"
EndProject
Project("{FAE04EC0-301F-11D3-BF4B-00C04F79EFBC}") = "API-estados", "API-estados\API-estados.csproj", "{36AC5A41-A90E-4BF0-BCA9-9C94A1A65922}"
EndProject
Global
	GlobalSection(SolutionConfigurationPlatforms) = preSolution
		Debug|Any CPU = Debug|Any CPU
		Release|Any CPU = Release|Any CPU
	EndGlobalSection
	GlobalSection(ProjectConfigurationPlatforms) = postSolution
		{D06B5461-D450-40A9-B6A2-EB96C4E3E9E7}.Debug|Any CPU.ActiveCfg = Debug|Any CPU
		{D06B5461-D450-40A9-B6A2-EB96C4E3E9E7}.Debug|Any CPU.Build.0 = Debug|Any CPU
		{D06B5461-D450-40A9-B6A2-EB96C4E3E9E7}.Release|Any CPU.ActiveCfg = Release|Any CPU
		{D06B5461-D450-40A9-B6A2-EB96C4E3E9E7}.Release|Any CPU.Build.0 = Release|Any CPU
		{6860CD47-3E15-4563-895A-259E2ACCC70C}.Debug|Any CPU.ActiveCfg = Debug|Any CPU
		{6860CD47-3E15-4563-895A-259E2ACCC70C}.Debug|Any CPU.Build.0 = Debug|Any CPU
		{6860CD47-3E15-4563-895A-259E2ACCC70C}.Release|Any CPU.ActiveCfg = Release|Any CPU
		{6860CD47-3E15-4563-895A-259E2ACCC70C}.Release|Any CPU.Build.0 = Release|Any CPU
		{B7DD142D-322D-43AB-825C-91544D926866}.Debug|Any CPU.ActiveCfg = Debug|Any CPU
		{B7DD142D-322D-43AB-825C-91544D926866}.Debug|Any CPU.Build.0 = Debug|Any CPU
		{B7DD142D-322D-43AB-825C-91544D926866}.Release|Any CPU.ActiveCfg = Release|Any CPU
		{B7DD142D-322D-43AB-825C-91544D926866}.Release|Any CPU.Build.0 = Release|Any CPU
		{A481BF9F-FCE8-401C-A8D1-243A9A7FDDE9}.Debug|Any CPU.ActiveCfg = Debug|Any CPU
		{A481BF9F-FCE8-401C-A8D1-243A9A7FDDE9}.Debug|Any CPU.Build.0 = Debug|Any CPU
		{A481BF9F-FCE8-401C-A8D1-243A9A7FDDE9}.Release|Any CPU.ActiveCfg = Release|Any CPU
		{A481BF9F-FCE8-401C-A8D1-243A9A7FDDE9}.Release|Any CPU.Build.0 = Release|Any CPU
		{36AC5A41-A90E-4BF0-BCA9-9C94A1A65922}.Debug|Any CPU.ActiveCfg = Debug|Any CPU
		{36AC5A41-A90E-4BF0-BCA9-9C94A1A65922}.Debug|Any CPU.Build.0 = Debug|Any CPU
		{36AC5A41-A90E-4BF0-BCA9-9C94A1A65922}.Release|Any CPU.ActiveCfg = Release|Any CPU
		{36AC5A41-A90E-4BF0-BCA9-9C94A1A65922}.Release|Any CPU.Build.0 = Release|Any CPU
	EndGlobalSection
	GlobalSection(SolutionProperties) = preSolution
		HideSolutionNode = FALSE
	EndGlobalSection
	GlobalSection(NestedProjects) = preSolution
		{D06B5461-D450-40A9-B6A2-EB96C4E3E9E7} = {D3A32D29-AFFF-4B2E-8A1C-8387F8B9153E}
		{36AC5A41-A90E-4BF0-BCA9-9C94A1A65922} = {D3A32D29-AFFF-4B2E-8A1C-8387F8B9153E}
	EndGlobalSection
	GlobalSection(ExtensibilityGlobals) = postSolution
		SolutionGuid = {95FC869D-BB5C-42DE-AF2E-D037E9EB0D14}
	EndGlobalSection
EndGlobal
