
Microsoft Visual Studio Solution File, Format Version 12.00
# Visual Studio 15
VisualStudioVersion = 15.0.28307.902
MinimumVisualStudioVersion = 10.0.40219.1
Project("{FAE04EC0-301F-11D3-BF4B-00C04F79EFBC}") = "web-app", "web-app\web-app.csproj", "{8F772D31-AF9B-4F8F-A357-9E74AA3ABEEE}"
EndProject
Global
	GlobalSection(SolutionConfigurationPlatforms) = preSolution
		Debug|Any CPU = Debug|Any CPU
		Release|Any CPU = Release|Any CPU
	EndGlobalSection
	GlobalSection(ProjectConfigurationPlatforms) = postSolution
		{8F772D31-AF9B-4F8F-A357-9E74AA3ABEEE}.Debug|Any CPU.ActiveCfg = Debug|Any CPU
		{8F772D31-AF9B-4F8F-A357-9E74AA3ABEEE}.Debug|Any CPU.Build.0 = Debug|Any CPU
		{8F772D31-AF9B-4F8F-A357-9E74AA3ABEEE}.Release|Any CPU.ActiveCfg = Release|Any CPU
		{8F772D31-AF9B-4F8F-A357-9E74AA3ABEEE}.Release|Any CPU.Build.0 = Release|Any CPU
	EndGlobalSection
	GlobalSection(SolutionProperties) = preSolution
		HideSolutionNode = FALSE
	EndGlobalSection
	GlobalSection(ExtensibilityGlobals) = postSolution
		SolutionGuid = {95FC869D-BB5C-42DE-AF2E-D037E9EB0D14}
	EndGlobalSection
EndGlobal
